<?xml version="1.0" encoding="utf-8"?>
<Project ToolsVersion="4.0" xmlns="http://schemas.microsoft.com/developer/msbuild/2003">
  <ItemGroup>
    <Filter Include="Source Files">
      <UniqueIdentifier>{4FC737F1-C7A5-4376-A066-2A32D752A2FF}</UniqueIdentifier>
      <Extensions>cpp;c;cc;cxx;def;odl;idl;hpj;bat;asm;asmx</Extensions>
    </Filter>
    <Filter Include="Header Files">
      <UniqueIdentifier>{93995380-89BD-4b04-88EB-625FBE52EBFB}</UniqueIdentifier>
      <Extensions>h;hpp;hxx;hm;inl;inc;xsd</Extensions>
    </Filter>
    <Filter Include="Resource Files">
      <UniqueIdentifier>{67DA6AB6-F800-4c08-8B7A-83BB121AAD01}</UniqueIdentifier>
      <Extensions>rc;ico;cur;bmp;dlg;rc2;rct;bin;rgs;gif;jpg;jpeg;jpe;resx;tiff;tif;png;wav;mfcribbon-ms</Extensions>
    </Filter>
    <Filter Include="Header Files\Component">
      <UniqueIdentifier>{7583d0e7-e247-454e-a2ef-dcbc3d46c6e8}</UniqueIdentifier>
    </Filter>
    <Filter Include="Header Files\Math">
      <UniqueIdentifier>{0eb4922e-0380-49d9-8150-315c13ba0396}</UniqueIdentifier>
    </Filter>
    <Filter Include="Source Files\Math">
      <UniqueIdentifier>{ce7448f7-74ab-4268-b602-baece419301f}</UniqueIdentifier>
    </Filter>
    <Filter Include="Header Files\Scenegraph">
      <UniqueIdentifier>{81fcf69b-f590-45ca-9cdc-54a3212bd21a}</UniqueIdentifier>
    </Filter>
    <Filter Include="Source Files\Scenegraph">
      <UniqueIdentifier>{a0642fad-b165-420d-9f8b-2e724941d563}</UniqueIdentifier>
    </Filter>
    <Filter Include="Header Files\Application">
      <UniqueIdentifier>{8fab197a-cd53-4dcd-8637-367c2f5f37c3}</UniqueIdentifier>
    </Filter>
    <Filter Include="Source Files\Application">
      <UniqueIdentifier>{07a0eb6f-3211-4cbc-bc42-f2ceab3f1b1d}</UniqueIdentifier>
    </Filter>
    <Filter Include="Source Files\Material">
      <UniqueIdentifier>{8699999c-7805-4a9c-ba5b-3ed979203062}</UniqueIdentifier>
    </Filter>
    <Filter Include="Header Files\Material">
      <UniqueIdentifier>{d2998715-22ea-4f17-9293-065dd4825a15}</UniqueIdentifier>
    </Filter>
    <Filter Include="Source Files\Tasks">
      <UniqueIdentifier>{5e783bde-d7ec-4cb3-bd3d-465e0dc44dfb}</UniqueIdentifier>
    </Filter>
    <Filter Include="Header Files\Tasks">
      <UniqueIdentifier>{19a1c4ef-eaf6-469f-8088-8505230f6ed6}</UniqueIdentifier>
    </Filter>
    <Filter Include="Source Files\Component">
      <UniqueIdentifier>{73f845b3-1acf-4de5-aed2-13af01528cd4}</UniqueIdentifier>
    </Filter>
    <Filter Include="Header Files\Miscellaneous">
      <UniqueIdentifier>{0adb4e63-6a29-4564-820f-01a0c4beeb3a}</UniqueIdentifier>
    </Filter>
    <Filter Include="Header Files\Component\Mesh">
      <UniqueIdentifier>{f2153dbe-1717-47e9-a98d-c925ac13ed4a}</UniqueIdentifier>
    </Filter>
    <Filter Include="Source Files\Component\Mesh">
      <UniqueIdentifier>{7d459226-63eb-417d-9d76-8d891c290d6c}</UniqueIdentifier>
    </Filter>
    <Filter Include="Source Files\Miscellaneous">
      <UniqueIdentifier>{4d94b0f6-3db6-4a1b-8006-c3a30eef95fb}</UniqueIdentifier>
    </Filter>
  </ItemGroup>
  <ItemGroup>
    <ClCompile Include="Main.cpp">
      <Filter>Source Files</Filter>
    </ClCompile>
    <ClCompile Include="Sphere.cpp">
      <Filter>Source Files\Component\Mesh</Filter>
    </ClCompile>
    <ClCompile Include="Mesh.cpp">
      <Filter>Source Files\Component\Mesh</Filter>
    </ClCompile>
    <ClCompile Include="Cube.cpp">
      <Filter>Source Files\Component\Mesh</Filter>
    </ClCompile>
    <ClCompile Include="PlaneMesh.cpp">
      <Filter>Source Files\Component\Mesh</Filter>
    </ClCompile>
    <ClCompile Include="KeyboardController.cpp">
      <Filter>Source Files\Component</Filter>
    </ClCompile>
    <ClCompile Include="LookAtBehaviour.cpp">
      <Filter>Source Files\Component</Filter>
    </ClCompile>
    <ClCompile Include="Animation.cpp">
      <Filter>Source Files\Component</Filter>
    </ClCompile>
    <ClCompile Include="TerrainFollower.cpp">
      <Filter>Source Files\Component</Filter>
    </ClCompile>
    <ClCompile Include="RotateBehaviour.cpp">
      <Filter>Source Files\Component</Filter>
    </ClCompile>
    <ClCompile Include="Terrain.cpp">
      <Filter>Source Files\Component</Filter>
    </ClCompile>
    <ClCompile Include="Light.cpp">
      <Filter>Source Files\Component</Filter>
    </ClCompile>
    <ClCompile Include="Camera.cpp">
      <Filter>Source Files\Component</Filter>
    </ClCompile>
    <ClCompile Include="Component.cpp">
      <Filter>Source Files\Component</Filter>
    </ClCompile>
    <ClCompile Include="Billboard.cpp">
      <Filter>Source Files\Component</Filter>
    </ClCompile>
    <ClCompile Include="Math.cpp">
      <Filter>Source Files\Math</Filter>
    </ClCompile>
    <ClCompile Include="Matrix3x3.cpp">
      <Filter>Source Files\Math</Filter>
    </ClCompile>
    <ClCompile Include="Matrix4x4.cpp">
      <Filter>Source Files\Math</Filter>
    </ClCompile>
    <ClCompile Include="Quaternion.cpp">
      <Filter>Source Files\Math</Filter>
    </ClCompile>
    <ClCompile Include="Plane.cpp">
      <Filter>Source Files\Math</Filter>
    </ClCompile>
    <ClCompile Include="Bone.cpp">
      <Filter>Source Files\Scenegraph</Filter>
    </ClCompile>
    <ClCompile Include="Transform.cpp">
      <Filter>Source Files\Scenegraph</Filter>
    </ClCompile>
    <ClCompile Include="GameObject.cpp">
      <Filter>Source Files\Scenegraph</Filter>
    </ClCompile>
    <ClCompile Include="Colour.cpp">
      <Filter>Source Files\Math</Filter>
    </ClCompile>
    <ClCompile Include="GLRenderer.cpp">
      <Filter>Source Files\Application</Filter>
    </ClCompile>
    <ClCompile Include="Renderer.cpp">
      <Filter>Source Files\Application</Filter>
    </ClCompile>
    <ClCompile Include="T3DApplication.cpp">
      <Filter>Source Files\Application</Filter>
    </ClCompile>
    <ClCompile Include="WinGLApplication.cpp">
      <Filter>Source Files\Application</Filter>
    </ClCompile>
    <ClCompile Include="Sweep.cpp">
      <Filter>Source Files\Component\Mesh</Filter>
    </ClCompile>
    <ClCompile Include="SweepPath.cpp">
      <Filter>Source Files\Component\Mesh</Filter>
    </ClCompile>
    <ClCompile Include="Material.cpp">
      <Filter>Source Files\Material</Filter>
    </ClCompile>
    <ClCompile Include="Texture.cpp">
      <Filter>Source Files\Material</Filter>
    </ClCompile>
    <ClCompile Include="ParticleEmitter.cpp">
      <Filter>Source Files\Component</Filter>
    </ClCompile>
    <ClCompile Include="ParticleBehaviour.cpp">
      <Filter>Source Files\Component</Filter>
    </ClCompile>
    <ClCompile Include="DiagMessageTask.cpp">
      <Filter>Source Files\Tasks</Filter>
    </ClCompile>
    <ClCompile Include="PerfLogTask.cpp">
      <Filter>Source Files\Tasks</Filter>
    </ClCompile>
    <ClCompile Include="Task.cpp">
      <Filter>Source Files\Tasks</Filter>
    </ClCompile>
    <ClCompile Include="DrawTask.cpp">
      <Filter>Source Files\Tasks</Filter>
    </ClCompile>
    <ClCompile Include="T3DTest.cpp">
      <Filter>Source Files\Application</Filter>
    </ClCompile>
    <ClCompile Include="Tutorial1.cpp">
      <Filter>Source Files\Application</Filter>
    </ClCompile>
    <ClCompile Include="GLShader.cpp">
      <Filter>Source Files\Material</Filter>
    </ClCompile>
    <ClCompile Include="Shader.cpp">
      <Filter>Source Files\Material</Filter>
    </ClCompile>
    <ClCompile Include="SoundTestTask.cpp">
      <Filter>Source Files\Tasks</Filter>
    </ClCompile>
    <ClCompile Include="ShaderTest.cpp">
      <Filter>Source Files\Application</Filter>
    </ClCompile>
    <ClCompile Include="Sound.cpp">
      <Filter>Source Files\Miscellaneous</Filter>
    </ClCompile>
    <ClCompile Include="Font.cpp">
      <Filter>Source Files\Miscellaneous</Filter>
    </ClCompile>
    <ClCompile Include="FontCache.cpp">
      <Filter>Source Files\Miscellaneous</Filter>
    </ClCompile>
    <ClCompile Include="Input.cpp">
      <Filter>Source Files\Miscellaneous</Filter>
    </ClCompile>
    <ClCompile Include="Music.cpp">
      <Filter>Source Files\Miscellaneous</Filter>
    </ClCompile>
    <ClCompile Include="SoundManager.cpp">
      <Filter>Source Files\Miscellaneous</Filter>
    </ClCompile>
    <ClCompile Include="GLTestApplication.cpp">
      <Filter>Source Files\Application</Filter>
    </ClCompile>
    <ClCompile Include="GLTestRenderer.cpp">
      <Filter>Source Files\Application</Filter>
    </ClCompile>
    <ClCompile Include="ParticleGravity.cpp">
      <Filter>Source Files\Component</Filter>
    </ClCompile>
  </ItemGroup>
  <ItemGroup>
    <ClInclude Include="Mesh.h">
      <Filter>Header Files\Component\Mesh</Filter>
    </ClInclude>
    <ClInclude Include="Sphere.h">
      <Filter>Header Files\Component\Mesh</Filter>
    </ClInclude>
    <ClInclude Include="Cube.h">
      <Filter>Header Files\Component\Mesh</Filter>
    </ClInclude>
    <ClInclude Include="PlaneMesh.h">
      <Filter>Header Files\Component\Mesh</Filter>
    </ClInclude>
    <ClInclude Include="Animation.h">
      <Filter>Header Files\Component</Filter>
    </ClInclude>
    <ClInclude Include="Billboard.h">
      <Filter>Header Files\Component</Filter>
    </ClInclude>
    <ClInclude Include="Camera.h">
      <Filter>Header Files\Component</Filter>
    </ClInclude>
    <ClInclude Include="Component.h">
      <Filter>Header Files\Component</Filter>
    </ClInclude>
    <ClInclude Include="KeyboardController.h">
      <Filter>Header Files\Component</Filter>
    </ClInclude>
    <ClInclude Include="Light.h">
      <Filter>Header Files\Component</Filter>
    </ClInclude>
    <ClInclude Include="LookAtBehaviour.h">
      <Filter>Header Files\Component</Filter>
    </ClInclude>
    <ClInclude Include="RotateBehaviour.h">
      <Filter>Header Files\Component</Filter>
    </ClInclude>
    <ClInclude Include="Terrain.h">
      <Filter>Header Files\Component</Filter>
    </ClInclude>
    <ClInclude Include="TerrainFollower.h">
      <Filter>Header Files\Component</Filter>
    </ClInclude>
    <ClInclude Include="Math.h">
      <Filter>Header Files\Math</Filter>
    </ClInclude>
    <ClInclude Include="Matrix3x3.h">
      <Filter>Header Files\Math</Filter>
    </ClInclude>
    <ClInclude Include="Matrix4x4.h">
      <Filter>Header Files\Math</Filter>
    </ClInclude>
    <ClInclude Include="Vector3.h">
      <Filter>Header Files\Math</Filter>
    </ClInclude>
    <ClInclude Include="Vector4.h">
      <Filter>Header Files\Math</Filter>
    </ClInclude>
    <ClInclude Include="Plane.h">
      <Filter>Header Files\Math</Filter>
    </ClInclude>
    <ClInclude Include="Quaternion.h">
      <Filter>Header Files\Math</Filter>
    </ClInclude>
    <ClInclude Include="Bone.h">
      <Filter>Header Files\Scenegraph</Filter>
    </ClInclude>
    <ClInclude Include="GameObject.h">
      <Filter>Header Files\Scenegraph</Filter>
    </ClInclude>
    <ClInclude Include="Transform.h">
      <Filter>Header Files\Scenegraph</Filter>
    </ClInclude>
    <ClInclude Include="GLRenderer.h">
      <Filter>Header Files\Application</Filter>
    </ClInclude>
    <ClInclude Include="T3DApplication.h">
      <Filter>Header Files\Application</Filter>
    </ClInclude>
    <ClInclude Include="WinGLApplication.h">
      <Filter>Header Files\Application</Filter>
    </ClInclude>
    <ClInclude Include="Renderer.h">
      <Filter>Header Files\Application</Filter>
    </ClInclude>
    <ClInclude Include="Colour.h">
      <Filter>Header Files\Math</Filter>
    </ClInclude>
    <ClInclude Include="Sweep.h">
      <Filter>Header Files\Component\Mesh</Filter>
    </ClInclude>
    <ClInclude Include="SweepPath.h">
      <Filter>Header Files\Component\Mesh</Filter>
    </ClInclude>
    <ClInclude Include="Material.h">
      <Filter>Header Files\Material</Filter>
    </ClInclude>
    <ClInclude Include="Texture.h">
      <Filter>Header Files\Material</Filter>
    </ClInclude>
    <ClInclude Include="ParticleEmitter.h">
      <Filter>Header Files\Component</Filter>
    </ClInclude>
    <ClInclude Include="ParticleBehaviour.h">
      <Filter>Header Files\Component</Filter>
    </ClInclude>
    <ClInclude Include="DrawTask.h">
      <Filter>Header Files\Tasks</Filter>
    </ClInclude>
    <ClInclude Include="T3DTest.h">
      <Filter>Header Files\Application</Filter>
    </ClInclude>
    <ClInclude Include="Tutorial1.h">
      <Filter>Header Files\Application</Filter>
    </ClInclude>
    <ClInclude Include="DiagMessageTask.h">
      <Filter>Header Files\Tasks</Filter>
    </ClInclude>
    <ClInclude Include="PerfLogTask.h">
      <Filter>Header Files\Tasks</Filter>
    </ClInclude>
    <ClInclude Include="Task.h">
      <Filter>Header Files\Tasks</Filter>
    </ClInclude>
    <ClInclude Include="GLShader.h">
      <Filter>Header Files\Material</Filter>
    </ClInclude>
    <ClInclude Include="Shader.h">
      <Filter>Header Files\Material</Filter>
    </ClInclude>
    <ClInclude Include="ShaderTest.h">
      <Filter>Header Files\Application</Filter>
    </ClInclude>
    <ClInclude Include="SoundTestTask.h">
      <Filter>Header Files\Tasks</Filter>
    </ClInclude>
    <ClInclude Include="Sound.h">
      <Filter>Header Files\Miscellaneous</Filter>
    </ClInclude>
    <ClInclude Include="Font.h">
      <Filter>Header Files\Miscellaneous</Filter>
    </ClInclude>
    <ClInclude Include="FontCache.h">
      <Filter>Header Files\Miscellaneous</Filter>
    </ClInclude>
    <ClInclude Include="Input.h">
      <Filter>Header Files\Miscellaneous</Filter>
    </ClInclude>
    <ClInclude Include="GLTestApplication.h">
      <Filter>Header Files\Application</Filter>
    </ClInclude>
    <ClInclude Include="GLTestRenderer.h">
      <Filter>Header Files\Application</Filter>
    </ClInclude>
    <ClInclude Include="Music.h">
      <Filter>Header Files\Miscellaneous</Filter>
    </ClInclude>
    <ClInclude Include="SoundManager.h">
      <Filter>Header Files\Miscellaneous</Filter>
    </ClInclude>
    <ClInclude Include="ParticleGravity.h">
      <Filter>Header Files\Component</Filter>
    </ClInclude>
    <ClInclude Include="DefaultDebugOptions.h">
      <Filter>Header Files\Application</Filter>
    </ClInclude>
  </ItemGroup>
</Project>